
Microsoft Visual Studio Solution File, Format Version 12.00
# Visual Studio 15
VisualStudioVersion = 15.0.26730.16
MinimumVisualStudioVersion = 10.0.40219.1
Project("{FAE04EC0-301F-11D3-BF4B-00C04F79EFBC}") = "MyShop.Core", "MyShop.Core\MyShop.Core.csproj", "{B846E109-842A-48ED-AD4C-316B9365AD7B}"
EndProject
Project("{FAE04EC0-301F-11D3-BF4B-00C04F79EFBC}") = "MyShop.Services", "MyShop.Services\MyShop.Services.csproj", "{B0BEC5F4-1A75-40C3-A243-2E1DBA3B21CC}"
EndProject
Project("{FAE04EC0-301F-11D3-BF4B-00C04F79EFBC}") = "MyShop.DataAccess.SQL", "MyShop.DataAccess.SQL\MyShop.DataAccess.SQL.csproj", "{3BFD7670-EED6-4874-BD38-29F82500EC48}"
EndProject
Project("{FAE04EC0-301F-11D3-BF4B-00C04F79EFBC}") = "MyShop.DataAccess.InMemory", "MyShop.DataAccess.InMemory\MyShop.DataAccess.InMemory.csproj", "{C5994191-40D5-4322-A51A-217322F3CC2D}"
EndProject
Project("{FAE04EC0-301F-11D3-BF4B-00C04F79EFBC}") = "MyShop.WebUI", "MyShop.WebUI\MyShop.WebUI.csproj", "{81EB2D0F-22D5-4D0A-B7C9-741F6AD037D4}"
EndProject
Project("{FAE04EC0-301F-11D3-BF4B-00C04F79EFBC}") = "MyShop.WebUI.Tests", "MyShop.WebUI.Tests\MyShop.WebUI.Tests.csproj", "{1779F091-5FB9-420A-A77C-06196A0ED972}"
EndProject
Global
	GlobalSection(SolutionConfigurationPlatforms) = preSolution
		Debug|Any CPU = Debug|Any CPU
		Release|Any CPU = Release|Any CPU
	EndGlobalSection
	GlobalSection(ProjectConfigurationPlatforms) = postSolution
		{B846E109-842A-48ED-AD4C-316B9365AD7B}.Debug|Any CPU.ActiveCfg = Debug|Any CPU
		{B846E109-842A-48ED-AD4C-316B9365AD7B}.Debug|Any CPU.Build.0 = Debug|Any CPU
		{B846E109-842A-48ED-AD4C-316B9365AD7B}.Release|Any CPU.ActiveCfg = Release|Any CPU
		{B846E109-842A-48ED-AD4C-316B9365AD7B}.Release|Any CPU.Build.0 = Release|Any CPU
		{B0BEC5F4-1A75-40C3-A243-2E1DBA3B21CC}.Debug|Any CPU.ActiveCfg = Debug|Any CPU
		{B0BEC5F4-1A75-40C3-A243-2E1DBA3B21CC}.Debug|Any CPU.Build.0 = Debug|Any CPU
		{B0BEC5F4-1A75-40C3-A243-2E1DBA3B21CC}.Release|Any CPU.ActiveCfg = Release|Any CPU
		{B0BEC5F4-1A75-40C3-A243-2E1DBA3B21CC}.Release|Any CPU.Build.0 = Release|Any CPU
		{3BFD7670-EED6-4874-BD38-29F82500EC48}.Debug|Any CPU.ActiveCfg = Debug|Any CPU
		{3BFD7670-EED6-4874-BD38-29F82500EC48}.Debug|Any CPU.Build.0 = Debug|Any CPU
		{3BFD7670-EED6-4874-BD38-29F82500EC48}.Release|Any CPU.ActiveCfg = Release|Any CPU
		{3BFD7670-EED6-4874-BD38-29F82500EC48}.Release|Any CPU.Build.0 = Release|Any CPU
		{C5994191-40D5-4322-A51A-217322F3CC2D}.Debug|Any CPU.ActiveCfg = Debug|Any CPU
		{C5994191-40D5-4322-A51A-217322F3CC2D}.Debug|Any CPU.Build.0 = Debug|Any CPU
		{C5994191-40D5-4322-A51A-217322F3CC2D}.Release|Any CPU.ActiveCfg = Release|Any CPU
		{C5994191-40D5-4322-A51A-217322F3CC2D}.Release|Any CPU.Build.0 = Release|Any CPU
		{81EB2D0F-22D5-4D0A-B7C9-741F6AD037D4}.Debug|Any CPU.ActiveCfg = Debug|Any CPU
		{81EB2D0F-22D5-4D0A-B7C9-741F6AD037D4}.Debug|Any CPU.Build.0 = Debug|Any CPU
		{81EB2D0F-22D5-4D0A-B7C9-741F6AD037D4}.Release|Any CPU.ActiveCfg = Release|Any CPU
		{81EB2D0F-22D5-4D0A-B7C9-741F6AD037D4}.Release|Any CPU.Build.0 = Release|Any CPU
		{1779F091-5FB9-420A-A77C-06196A0ED972}.Debug|Any CPU.ActiveCfg = Debug|Any CPU
		{1779F091-5FB9-420A-A77C-06196A0ED972}.Debug|Any CPU.Build.0 = Debug|Any CPU
		{1779F091-5FB9-420A-A77C-06196A0ED972}.Release|Any CPU.ActiveCfg = Release|Any CPU
		{1779F091-5FB9-420A-A77C-06196A0ED972}.Release|Any CPU.Build.0 = Release|Any CPU
	EndGlobalSection
	GlobalSection(SolutionProperties) = preSolution
		HideSolutionNode = FALSE
	EndGlobalSection
	GlobalSection(ExtensibilityGlobals) = postSolution
		SolutionGuid = {993D9532-AD5A-4275-AEB2-84C1937D1FD3}
	EndGlobalSection
EndGlobal
